// !$*UTF8*$!
{
	archiveVersion = 1;
	classes = {
	};
	objectVersion = 50;
	objects = {

/* Begin PBXBuildFile section */
		66A81F38228B5152005490CA /* AppDelegate.swift in Sources */ = {isa = PBXBuildFile; fileRef = 66A81F37228B5152005490CA /* AppDelegate.swift */; };
		66A81F3A228B5152005490CA /* GameScene.sks in Resources */ = {isa = PBXBuildFile; fileRef = 66A81F39228B5152005490CA /* GameScene.sks */; };
		66A81F3E228B5152005490CA /* GameScene.swift in Sources */ = {isa = PBXBuildFile; fileRef = 66A81F3D228B5152005490CA /* GameScene.swift */; };
		66A81F40228B5152005490CA /* GameViewController.swift in Sources */ = {isa = PBXBuildFile; fileRef = 66A81F3F228B5152005490CA /* GameViewController.swift */; };
		66A81F43228B5152005490CA /* Main.storyboard in Resources */ = {isa = PBXBuildFile; fileRef = 66A81F41228B5152005490CA /* Main.storyboard */; };
		66A81F45228B5153005490CA /* Assets.xcassets in Resources */ = {isa = PBXBuildFile; fileRef = 66A81F44228B5153005490CA /* Assets.xcassets */; };
		66A81F48228B5153005490CA /* LaunchScreen.storyboard in Resources */ = {isa = PBXBuildFile; fileRef = 66A81F46228B5153005490CA /* LaunchScreen.storyboard */; };
		66A81F53228B5153005490CA /* FirstGameTests.swift in Sources */ = {isa = PBXBuildFile; fileRef = 66A81F52228B5153005490CA /* FirstGameTests.swift */; };
		66A81F5E228B5154005490CA /* FirstGameUITests.swift in Sources */ = {isa = PBXBuildFile; fileRef = 66A81F5D228B5154005490CA /* FirstGameUITests.swift */; };
		66A81F6E228B8E96005490CA /* Virus.swift in Sources */ = {isa = PBXBuildFile; fileRef = 66A81F6D228B8E96005490CA /* Virus.swift */; };
/* End PBXBuildFile section */

/* Begin PBXContainerItemProxy section */
		66A81F4F228B5153005490CA /* PBXContainerItemProxy */ = {
			isa = PBXContainerItemProxy;
			containerPortal = 66A81F2C228B5152005490CA /* Project object */;
			proxyType = 1;
			remoteGlobalIDString = 66A81F33228B5152005490CA;
			remoteInfo = FirstGame;
		};
		66A81F5A228B5154005490CA /* PBXContainerItemProxy */ = {
			isa = PBXContainerItemProxy;
			containerPortal = 66A81F2C228B5152005490CA /* Project object */;
			proxyType = 1;
			remoteGlobalIDString = 66A81F33228B5152005490CA;
			remoteInfo = FirstGame;
		};
/* End PBXContainerItemProxy section */

/* Begin PBXFileReference section */
		66A81F34228B5152005490CA /* FirstGame.app */ = {isa = PBXFileReference; explicitFileType = wrapper.application; includeInIndex = 0; path = FirstGame.app; sourceTree = BUILT_PRODUCTS_DIR; };
		66A81F37228B5152005490CA /* AppDelegate.swift */ = {isa = PBXFileReference; lastKnownFileType = sourcecode.swift; path = AppDelegate.swift; sourceTree = "<group>"; };
		66A81F39228B5152005490CA /* GameScene.sks */ = {isa = PBXFileReference; lastKnownFileType = file.sks; path = GameScene.sks; sourceTree = "<group>"; };
		66A81F3D228B5152005490CA /* GameScene.swift */ = {isa = PBXFileReference; lastKnownFileType = sourcecode.swift; path = GameScene.swift; sourceTree = "<group>"; };
		66A81F3F228B5152005490CA /* GameViewController.swift */ = {isa = PBXFileReference; lastKnownFileType = sourcecode.swift; path = GameViewController.swift; sourceTree = "<group>"; };
		66A81F42228B5152005490CA /* Base */ = {isa = PBXFileReference; lastKnownFileType = file.storyboard; name = Base; path = Base.lproj/Main.storyboard; sourceTree = "<group>"; };
		66A81F44228B5153005490CA /* Assets.xcassets */ = {isa = PBXFileReference; lastKnownFileType = folder.assetcatalog; path = Assets.xcassets; sourceTree = "<group>"; };
		66A81F47228B5153005490CA /* Base */ = {isa = PBXFileReference; lastKnownFileType = file.storyboard; name = Base; path = Base.lproj/LaunchScreen.storyboard; sourceTree = "<group>"; };
		66A81F49228B5153005490CA /* Info.plist */ = {isa = PBXFileReference; lastKnownFileType = text.plist.xml; path = Info.plist; sourceTree = "<group>"; };
		66A81F4E228B5153005490CA /* FirstGameTests.xctest */ = {isa = PBXFileReference; explicitFileType = wrapper.cfbundle; includeInIndex = 0; path = FirstGameTests.xctest; sourceTree = BUILT_PRODUCTS_DIR; };
		66A81F52228B5153005490CA /* FirstGameTests.swift */ = {isa = PBXFileReference; lastKnownFileType = sourcecode.swift; path = FirstGameTests.swift; sourceTree = "<group>"; };
		66A81F54228B5153005490CA /* Info.plist */ = {isa = PBXFileReference; lastKnownFileType = text.plist.xml; path = Info.plist; sourceTree = "<group>"; };
		66A81F59228B5154005490CA /* FirstGameUITests.xctest */ = {isa = PBXFileReference; explicitFileType = wrapper.cfbundle; includeInIndex = 0; path = FirstGameUITests.xctest; sourceTree = BUILT_PRODUCTS_DIR; };
		66A81F5D228B5154005490CA /* FirstGameUITests.swift */ = {isa = PBXFileReference; lastKnownFileType = sourcecode.swift; path = FirstGameUITests.swift; sourceTree = "<group>"; };
		66A81F5F228B5154005490CA /* Info.plist */ = {isa = PBXFileReference; lastKnownFileType = text.plist.xml; path = Info.plist; sourceTree = "<group>"; };
		66A81F6D228B8E96005490CA /* Virus.swift */ = {isa = PBXFileReference; lastKnownFileType = sourcecode.swift; path = Virus.swift; sourceTree = "<group>"; };
/* End PBXFileReference section */

/* Begin PBXFrameworksBuildPhase section */
		66A81F31228B5152005490CA /* Frameworks */ = {
			isa = PBXFrameworksBuildPhase;
			buildActionMask = 2147483647;
			files = (
			);
			runOnlyForDeploymentPostprocessing = 0;
		};
		66A81F4B228B5153005490CA /* Frameworks */ = {
			isa = PBXFrameworksBuildPhase;
			buildActionMask = 2147483647;
			files = (
			);
			runOnlyForDeploymentPostprocessing = 0;
		};
		66A81F56228B5154005490CA /* Frameworks */ = {
			isa = PBXFrameworksBuildPhase;
			buildActionMask = 2147483647;
			files = (
			);
			runOnlyForDeploymentPostprocessing = 0;
		};
/* End PBXFrameworksBuildPhase section */

/* Begin PBXGroup section */
		66A81F2B228B5152005490CA = {
			isa = PBXGroup;
			children = (
				66A81F36228B5152005490CA /* FirstGame */,
				66A81F51228B5153005490CA /* FirstGameTests */,
				66A81F5C228B5154005490CA /* FirstGameUITests */,
				66A81F35228B5152005490CA /* Products */,
			);
			sourceTree = "<group>";
		};
		66A81F35228B5152005490CA /* Products */ = {
			isa = PBXGroup;
			children = (
				66A81F34228B5152005490CA /* FirstGame.app */,
				66A81F4E228B5153005490CA /* FirstGameTests.xctest */,
				66A81F59228B5154005490CA /* FirstGameUITests.xctest */,
			);
			name = Products;
			sourceTree = "<group>";
		};
		66A81F36228B5152005490CA /* FirstGame */ = {
			isa = PBXGroup;
			children = (
				66A81F37228B5152005490CA /* AppDelegate.swift */,
				66A81F39228B5152005490CA /* GameScene.sks */,
				66A81F3D228B5152005490CA /* GameScene.swift */,
				66A81F3F228B5152005490CA /* GameViewController.swift */,
				66A81F41228B5152005490CA /* Main.storyboard */,
				66A81F44228B5153005490CA /* Assets.xcassets */,
				66A81F46228B5153005490CA /* LaunchScreen.storyboard */,
				66A81F49228B5153005490CA /* Info.plist */,
				66A81F6D228B8E96005490CA /* Virus.swift */,
			);
			path = FirstGame;
			sourceTree = "<group>";
		};
		66A81F51228B5153005490CA /* FirstGameTests */ = {
			isa = PBXGroup;
			children = (
				66A81F52228B5153005490CA /* FirstGameTests.swift */,
				66A81F54228B5153005490CA /* Info.plist */,
			);
			path = FirstGameTests;
			sourceTree = "<group>";
		};
		66A81F5C228B5154005490CA /* FirstGameUITests */ = {
			isa = PBXGroup;
			children = (
				66A81F5D228B5154005490CA /* FirstGameUITests.swift */,
				66A81F5F228B5154005490CA /* Info.plist */,
			);
			path = FirstGameUITests;
			sourceTree = "<group>";
		};
/* End PBXGroup section */

/* Begin PBXNativeTarget section */
		66A81F33228B5152005490CA /* FirstGame */ = {
			isa = PBXNativeTarget;
			buildConfigurationList = 66A81F62228B5154005490CA /* Build configuration list for PBXNativeTarget "FirstGame" */;
			buildPhases = (
				66A81F30228B5152005490CA /* Sources */,
				66A81F31228B5152005490CA /* Frameworks */,
				66A81F32228B5152005490CA /* Resources */,
			);
			buildRules = (
			);
			dependencies = (
			);
			name = FirstGame;
			productName = FirstGame;
			productReference = 66A81F34228B5152005490CA /* FirstGame.app */;
			productType = "com.apple.product-type.application";
		};
		66A81F4D228B5153005490CA /* FirstGameTests */ = {
			isa = PBXNativeTarget;
			buildConfigurationList = 66A81F65228B5154005490CA /* Build configuration list for PBXNativeTarget "FirstGameTests" */;
			buildPhases = (
				66A81F4A228B5153005490CA /* Sources */,
				66A81F4B228B5153005490CA /* Frameworks */,
				66A81F4C228B5153005490CA /* Resources */,
			);
			buildRules = (
			);
			dependencies = (
				66A81F50228B5153005490CA /* PBXTargetDependency */,
			);
			name = FirstGameTests;
			productName = FirstGameTests;
			productReference = 66A81F4E228B5153005490CA /* FirstGameTests.xctest */;
			productType = "com.apple.product-type.bundle.unit-test";
		};
		66A81F58228B5154005490CA /* FirstGameUITests */ = {
			isa = PBXNativeTarget;
			buildConfigurationList = 66A81F68228B5154005490CA /* Build configuration list for PBXNativeTarget "FirstGameUITests" */;
			buildPhases = (
				66A81F55228B5154005490CA /* Sources */,
				66A81F56228B5154005490CA /* Frameworks */,
				66A81F57228B5154005490CA /* Resources */,
			);
			buildRules = (
			);
			dependencies = (
				66A81F5B228B5154005490CA /* PBXTargetDependency */,
			);
			name = FirstGameUITests;
			productName = FirstGameUITests;
			productReference = 66A81F59228B5154005490CA /* FirstGameUITests.xctest */;
			productType = "com.apple.product-type.bundle.ui-testing";
		};
/* End PBXNativeTarget section */

/* Begin PBXProject section */
		66A81F2C228B5152005490CA /* Project object */ = {
			isa = PBXProject;
			attributes = {
				LastSwiftUpdateCheck = 1010;
				LastUpgradeCheck = 1010;
				ORGANIZATIONNAME = "Jimmy Liang";
				TargetAttributes = {
					66A81F33228B5152005490CA = {
						CreatedOnToolsVersion = 10.1;
					};
					66A81F4D228B5153005490CA = {
						CreatedOnToolsVersion = 10.1;
						TestTargetID = 66A81F33228B5152005490CA;
					};
					66A81F58228B5154005490CA = {
						CreatedOnToolsVersion = 10.1;
						TestTargetID = 66A81F33228B5152005490CA;
					};
				};
			};
			buildConfigurationList = 66A81F2F228B5152005490CA /* Build configuration list for PBXProject "FirstGame" */;
			compatibilityVersion = "Xcode 9.3";
			developmentRegion = en;
			hasScannedForEncodings = 0;
			knownRegions = (
				en,
				Base,
			);
			mainGroup = 66A81F2B228B5152005490CA;
			productRefGroup = 66A81F35228B5152005490CA /* Products */;
			projectDirPath = "";
			projectRoot = "";
			targets = (
				66A81F33228B5152005490CA /* FirstGame */,
				66A81F4D228B5153005490CA /* FirstGameTests */,
				66A81F58228B5154005490CA /* FirstGameUITests */,
			);
		};
/* End PBXProject section */

/* Begin PBXResourcesBuildPhase section */
		66A81F32228B5152005490CA /* Resources */ = {
			isa = PBXResourcesBuildPhase;
			buildActionMask = 2147483647;
			files = (
				66A81F43228B5152005490CA /* Main.storyboard in Resources */,
				66A81F3A228B5152005490CA /* GameScene.sks in Resources */,
				66A81F45228B5153005490CA /* Assets.xcassets in Resources */,
				66A81F48228B5153005490CA /* LaunchScreen.storyboard in Resources */,
			);
			runOnlyForDeploymentPostprocessing = 0;
		};
		66A81F4C228B5153005490CA /* Resources */ = {
			isa = PBXResourcesBuildPhase;
			buildActionMask = 2147483647;
			files = (
			);
			runOnlyForDeploymentPostprocessing = 0;
		};
		66A81F57228B5154005490CA /* Resources */ = {
			isa = PBXResourcesBuildPhase;
			buildActionMask = 2147483647;
			files = (
			);
			runOnlyForDeploymentPostprocessing = 0;
		};
/* End PBXResourcesBuildPhase section */

/* Begin PBXSourcesBuildPhase section */
		66A81F30228B5152005490CA /* Sources */ = {
			isa = PBXSourcesBuildPhase;
			buildActionMask = 2147483647;
			files = (
				66A81F3E228B5152005490CA /* GameScene.swift in Sources */,
				66A81F40228B5152005490CA /* GameViewController.swift in Sources */,
				66A81F38228B5152005490CA /* AppDelegate.swift in Sources */,
				66A81F6E228B8E96005490CA /* Virus.swift in Sources */,
			);
			runOnlyForDeploymentPostprocessing = 0;
		};
		66A81F4A228B5153005490CA /* Sources */ = {
			isa = PBXSourcesBuildPhase;
			buildActionMask = 2147483647;
			files = (
				66A81F53228B5153005490CA /* FirstGameTests.swift in Sources */,
			);
			runOnlyForDeploymentPostprocessing = 0;
		};
		66A81F55228B5154005490CA /* Sources */ = {
			isa = PBXSourcesBuildPhase;
			buildActionMask = 2147483647;
			files = (
				66A81F5E228B5154005490CA /* FirstGameUITests.swift in Sources */,
			);
			runOnlyForDeploymentPostprocessing = 0;
		};
/* End PBXSourcesBuildPhase section */

/* Begin PBXTargetDependency section */
		66A81F50228B5153005490CA /* PBXTargetDependency */ = {
			isa = PBXTargetDependency;
			target = 66A81F33228B5152005490CA /* FirstGame */;
			targetProxy = 66A81F4F228B5153005490CA /* PBXContainerItemProxy */;
		};
		66A81F5B228B5154005490CA /* PBXTargetDependency */ = {
			isa = PBXTargetDependency;
			target = 66A81F33228B5152005490CA /* FirstGame */;
			targetProxy = 66A81F5A228B5154005490CA /* PBXContainerItemProxy */;
		};
/* End PBXTargetDependency section */

/* Begin PBXVariantGroup section */
		66A81F41228B5152005490CA /* Main.storyboard */ = {
			isa = PBXVariantGroup;
			children = (
				66A81F42228B5152005490CA /* Base */,
			);
			name = Main.storyboard;
			sourceTree = "<group>";
		};
		66A81F46228B5153005490CA /* LaunchScreen.storyboard */ = {
			isa = PBXVariantGroup;
			children = (
				66A81F47228B5153005490CA /* Base */,
			);
			name = LaunchScreen.storyboard;
			sourceTree = "<group>";
		};
/* End PBXVariantGroup section */

/* Begin XCBuildConfiguration section */
		66A81F60228B5154005490CA /* Debug */ = {
			isa = XCBuildConfiguration;
			buildSettings = {
				ALWAYS_SEARCH_USER_PATHS = NO;
				CLANG_ANALYZER_NONNULL = YES;
				CLANG_ANALYZER_NUMBER_OBJECT_CONVERSION = YES_AGGRESSIVE;
				CLANG_CXX_LANGUAGE_STANDARD = "gnu++14";
				CLANG_CXX_LIBRARY = "libc++";
				CLANG_ENABLE_MODULES = YES;
				CLANG_ENABLE_OBJC_ARC = YES;
				CLANG_ENABLE_OBJC_WEAK = YES;
				CLANG_WARN_BLOCK_CAPTURE_AUTORELEASING = YES;
				CLANG_WARN_BOOL_CONVERSION = YES;
				CLANG_WARN_COMMA = YES;
				CLANG_WARN_CONSTANT_CONVERSION = YES;
				CLANG_WARN_DEPRECATED_OBJC_IMPLEMENTATIONS = YES;
				CLANG_WARN_DIRECT_OBJC_ISA_USAGE = YES_ERROR;
				CLANG_WARN_DOCUMENTATION_COMMENTS = YES;
				CLANG_WARN_EMPTY_BODY = YES;
				CLANG_WARN_ENUM_CONVERSION = YES;
				CLANG_WARN_INFINITE_RECURSION = YES;
				CLANG_WARN_INT_CONVERSION = YES;
				CLANG_WARN_NON_LITERAL_NULL_CONVERSION = YES;
				CLANG_WARN_OBJC_IMPLICIT_RETAIN_SELF = YES;
				CLANG_WARN_OBJC_LITERAL_CONVERSION = YES;
				CLANG_WARN_OBJC_ROOT_CLASS = YES_ERROR;
				CLANG_WARN_RANGE_LOOP_ANALYSIS = YES;
				CLANG_WARN_STRICT_PROTOTYPES = YES;
				CLANG_WARN_SUSPICIOUS_MOVE = YES;
				CLANG_WARN_UNGUARDED_AVAILABILITY = YES_AGGRESSIVE;
				CLANG_WARN_UNREACHABLE_CODE = YES;
				CLANG_WARN__DUPLICATE_METHOD_MATCH = YES;
				CODE_SIGN_IDENTITY = "iPhone Developer";
				COPY_PHASE_STRIP = NO;
				DEBUG_INFORMATION_FORMAT = dwarf;
				ENABLE_STRICT_OBJC_MSGSEND = YES;
				ENABLE_TESTABILITY = YES;
				GCC_C_LANGUAGE_STANDARD = gnu11;
				GCC_DYNAMIC_NO_PIC = NO;
				GCC_NO_COMMON_BLOCKS = YES;
				GCC_OPTIMIZATION_LEVEL = 0;
				GCC_PREPROCESSOR_DEFINITIONS = (
					"DEBUG=1",
					"$(inherited)",
				);
				GCC_WARN_64_TO_32_BIT_CONVERSION = YES;
				GCC_WARN_ABOUT_RETURN_TYPE = YES_ERROR;
				GCC_WARN_UNDECLARED_SELECTOR = YES;
				GCC_WARN_UNINITIALIZED_AUTOS = YES_AGGRESSIVE;
				GCC_WARN_UNUSED_FUNCTION = YES;
				GCC_WARN_UNUSED_VARIABLE = YES;
				IPHONEOS_DEPLOYMENT_TARGET = 12.1;
				MTL_ENABLE_DEBUG_INFO = INCLUDE_SOURCE;
				MTL_FAST_MATH = YES;
				ONLY_ACTIVE_ARCH = YES;
				SDKROOT = iphoneos;
				SWIFT_ACTIVE_COMPILATION_CONDITIONS = DEBUG;
				SWIFT_OPTIMIZATION_LEVEL = "-Onone";
			};
			name = Debug;
		};
		66A81F61228B5154005490CA /* Release */ = {
			isa = XCBuildConfiguration;
			buildSettings = {
				ALWAYS_SEARCH_USER_PATHS = NO;
				CLANG_ANALYZER_NONNULL = YES;
				CLANG_ANALYZER_NUMBER_OBJECT_CONVERSION = YES_AGGRESSIVE;
				CLANG_CXX_LANGUAGE_STANDARD = "gnu++14";
				CLANG_CXX_LIBRARY = "libc++";
				CLANG_ENABLE_MODULES = YES;
				CLANG_ENABLE_OBJC_ARC = YES;
				CLANG_ENABLE_OBJC_WEAK = YES;
				CLANG_WARN_BLOCK_CAPTURE_AUTORELEASING = YES;
				CLANG_WARN_BOOL_CONVERSION = YES;
				CLANG_WARN_COMMA = YES;
				CLANG_WARN_CONSTANT_CONVERSION = YES;
				CLANG_WARN_DEPRECATED_OBJC_IMPLEMENTATIONS = YES;
				CLANG_WARN_DIRECT_OBJC_ISA_USAGE = YES_ERROR;
				CLANG_WARN_DOCUMENTATION_COMMENTS = YES;
				CLANG_WARN_EMPTY_BODY = YES;
				CLANG_WARN_ENUM_CONVERSION = YES;
				CLANG_WARN_INFINITE_RECURSION = YES;
				CLANG_WARN_INT_CONVERSION = YES;
				CLANG_WARN_NON_LITERAL_NULL_CONVERSION = YES;
				CLANG_WARN_OBJC_IMPLICIT_RETAIN_SELF = YES;
				CLANG_WARN_OBJC_LITERAL_CONVERSION = YES;
				CLANG_WARN_OBJC_ROOT_CLASS = YES_ERROR;
				CLANG_WARN_RANGE_LOOP_ANALYSIS = YES;
				CLANG_WARN_STRICT_PROTOTYPES = YES;
				CLANG_WARN_SUSPICIOUS_MOVE = YES;
				CLANG_WARN_UNGUARDED_AVAILABILITY = YES_AGGRESSIVE;
				CLANG_WARN_UNREACHABLE_CODE = YES;
				CLANG_WARN__DUPLICATE_METHOD_MATCH = YES;
				CODE_SIGN_IDENTITY = "iPhone Developer";
				COPY_PHASE_STRIP = NO;
				DEBUG_INFORMATION_FORMAT = "dwarf-with-dsym";
				ENABLE_NS_ASSERTIONS = NO;
				ENABLE_STRICT_OBJC_MSGSEND = YES;
				GCC_C_LANGUAGE_STANDARD = gnu11;
				GCC_NO_COMMON_BLOCKS = YES;
				GCC_WARN_64_TO_32_BIT_CONVERSION = YES;
				GCC_WARN_ABOUT_RETURN_TYPE = YES_ERROR;
				GCC_WARN_UNDECLARED_SELECTOR = YES;
				GCC_WARN_UNINITIALIZED_AUTOS = YES_AGGRESSIVE;
				GCC_WARN_UNUSED_FUNCTION = YES;
				GCC_WARN_UNUSED_VARIABLE = YES;
				IPHONEOS_DEPLOYMENT_TARGET = 12.1;
				MTL_ENABLE_DEBUG_INFO = NO;
				MTL_FAST_MATH = YES;
				SDKROOT = iphoneos;
				SWIFT_COMPILATION_MODE = wholemodule;
				SWIFT_OPTIMIZATION_LEVEL = "-O";
				VALIDATE_PRODUCT = YES;
			};
			name = Release;
		};
		66A81F63228B5154005490CA /* Debug */ = {
			isa = XCBuildConfiguration;
			buildSettings = {
				ASSETCATALOG_COMPILER_APPICON_NAME = AppIcon;
				CODE_SIGN_STYLE = Automatic;
				DEVELOPMENT_TEAM = L4L7H73S47;
				INFOPLIST_FILE = FirstGame/Info.plist;
				LD_RUNPATH_SEARCH_PATHS = (
					"$(inherited)",
					"@executable_path/Frameworks",
				);
				PRODUCT_BUNDLE_IDENTIFIER = liangji117.games.FirstGame;
				PRODUCT_NAME = "$(TARGET_NAME)";
				SWIFT_VERSION = 4.2;
				TARGETED_DEVICE_FAMILY = "1,2";
			};
			name = Debug;
		};
		66A81F64228B5154005490CA /* Release */ = {
			isa = XCBuildConfiguration;
			buildSettings = {
				ASSETCATALOG_COMPILER_APPICON_NAME = AppIcon;
				CODE_SIGN_STYLE = Automatic;
				DEVELOPMENT_TEAM = L4L7H73S47;
				INFOPLIST_FILE = FirstGame/Info.plist;
				LD_RUNPATH_SEARCH_PATHS = (
					"$(inherited)",
					"@executable_path/Frameworks",
				);
				PRODUCT_BUNDLE_IDENTIFIER = liangji117.games.FirstGame;
				PRODUCT_NAME = "$(TARGET_NAME)";
				SWIFT_VERSION = 4.2;
				TARGETED_DEVICE_FAMILY = "1,2";
			};
			name = Release;
		};
		66A81F66228B5154005490CA /* Debug */ = {
			isa = XCBuildConfiguration;
			buildSettings = {
				ALWAYS_EMBED_SWIFT_STANDARD_LIBRARIES = YES;
				BUNDLE_LOADER = "$(TEST_HOST)";
				CODE_SIGN_STYLE = Automatic;
				DEVELOPMENT_TEAM = L4L7H73S47;
				INFOPLIST_FILE = FirstGameTests/Info.plist;
				LD_RUNPATH_SEARCH_PATHS = (
					"$(inherited)",
					"@executable_path/Frameworks",
					"@loader_path/Frameworks",
				);
				PRODUCT_BUNDLE_IDENTIFIER = liangji117.games.FirstGameTests;
				PRODUCT_NAME = "$(TARGET_NAME)";
				SWIFT_VERSION = 4.2;
				TARGETED_DEVICE_FAMILY = "1,2";
				TEST_HOST = "$(BUILT_PRODUCTS_DIR)/FirstGame.app/FirstGame";
			};
			name = Debug;
		};
		66A81F67228B5154005490CA /* Release */ = {
			isa = XCBuildConfiguration;
			buildSettings = {
				ALWAYS_EMBED_SWIFT_STANDARD_LIBRARIES = YES;
				BUNDLE_LOADER = "$(TEST_HOST)";
				CODE_SIGN_STYLE = Automatic;
				DEVELOPMENT_TEAM = L4L7H73S47;
				INFOPLIST_FILE = FirstGameTests/Info.plist;
				LD_RUNPATH_SEARCH_PATHS = (
					"$(inherited)",
					"@executable_path/Frameworks",
					"@loader_path/Frameworks",
				);
				PRODUCT_BUNDLE_IDENTIFIER = liangji117.games.FirstGameTests;
				PRODUCT_NAME = "$(TARGET_NAME)";
				SWIFT_VERSION = 4.2;
				TARGETED_DEVICE_FAMILY = "1,2";
				TEST_HOST = "$(BUILT_PRODUCTS_DIR)/FirstGame.app/FirstGame";
			};
			name = Release;
		};
		66A81F69228B5154005490CA /* Debug */ = {
			isa = XCBuildConfiguration;
			buildSettings = {
				ALWAYS_EMBED_SWIFT_STANDARD_LIBRARIES = YES;
				CODE_SIGN_STYLE = Automatic;
				DEVELOPMENT_TEAM = L4L7H73S47;
				INFOPLIST_FILE = FirstGameUITests/Info.plist;
				LD_RUNPATH_SEARCH_PATHS = (
					"$(inherited)",
					"@executable_path/Frameworks",
					"@loader_path/Frameworks",
				);
				PRODUCT_BUNDLE_IDENTIFIER = liangji117.games.FirstGameUITests;
				PRODUCT_NAME = "$(TARGET_NAME)";
				SWIFT_VERSION = 4.2;
				TARGETED_DEVICE_FAMILY = "1,2";
				TEST_TARGET_NAME = FirstGame;
			};
			name = Debug;
		};
		66A81F6A228B5154005490CA /* Release */ = {
			isa = XCBuildConfiguration;
			buildSettings = {
				ALWAYS_EMBED_SWIFT_STANDARD_LIBRARIES = YES;
				CODE_SIGN_STYLE = Automatic;
				DEVELOPMENT_TEAM = L4L7H73S47;
				INFOPLIST_FILE = FirstGameUITests/Info.plist;
				LD_RUNPATH_SEARCH_PATHS = (
					"$(inherited)",
					"@executable_path/Frameworks",
					"@loader_path/Frameworks",
				);
				PRODUCT_BUNDLE_IDENTIFIER = liangji117.games.FirstGameUITests;
				PRODUCT_NAME = "$(TARGET_NAME)";
				SWIFT_VERSION = 4.2;
				TARGETED_DEVICE_FAMILY = "1,2";
				TEST_TARGET_NAME = FirstGame;
			};
			name = Release;
		};
/* End XCBuildConfiguration section */

/* Begin XCConfigurationList section */
		66A81F2F228B5152005490CA /* Build configuration list for PBXProject "FirstGame" */ = {
			isa = XCConfigurationList;
			buildConfigurations = (
				66A81F60228B5154005490CA /* Debug */,
				66A81F61228B5154005490CA /* Release */,
			);
			defaultConfigurationIsVisible = 0;
			defaultConfigurationName = Release;
		};
		66A81F62228B5154005490CA /* Build configuration list for PBXNativeTarget "FirstGame" */ = {
			isa = XCConfigurationList;
			buildConfigurations = (
				66A81F63228B5154005490CA /* Debug */,
				66A81F64228B5154005490CA /* Release */,
			);
			defaultConfigurationIsVisible = 0;
			defaultConfigurationName = Release;
		};
		66A81F65228B5154005490CA /* Build configuration list for PBXNativeTarget "FirstGameTests" */ = {
			isa = XCConfigurationList;
			buildConfigurations = (
				66A81F66228B5154005490CA /* Debug */,
				66A81F67228B5154005490CA /* Release */,
			);
			defaultConfigurationIsVisible = 0;
			defaultConfigurationName = Release;
		};
		66A81F68228B5154005490CA /* Build configuration list for PBXNativeTarget "FirstGameUITests" */ = {
			isa = XCConfigurationList;
			buildConfigurations = (
				66A81F69228B5154005490CA /* Debug */,
				66A81F6A228B5154005490CA /* Release */,
			);
			defaultConfigurationIsVisible = 0;
			defaultConfigurationName = Release;
		};
/* End XCConfigurationList section */
	};
	rootObject = 66A81F2C228B5152005490CA /* Project object */;
}
